// !$*UTF8*$!
{
	archiveVersion = 1;
	classes = {
	};
	objectVersion = 56;
	objects = {

/* Begin PBXBuildFile section */
		AA593D26291187340009BE36 /* AppDelegate.swift in Sources */ = {isa = PBXBuildFile; fileRef = AA593D25291187340009BE36 /* AppDelegate.swift */; };
		AA593D28291187340009BE36 /* SceneDelegate.swift in Sources */ = {isa = PBXBuildFile; fileRef = AA593D27291187340009BE36 /* SceneDelegate.swift */; };
		AA593D2A291187340009BE36 /* ViewController.swift in Sources */ = {isa = PBXBuildFile; fileRef = AA593D29291187340009BE36 /* ViewController.swift */; };
		AA593D2D291187340009BE36 /* Main.storyboard in Resources */ = {isa = PBXBuildFile; fileRef = AA593D2B291187340009BE36 /* Main.storyboard */; };
		AA593D2F291187360009BE36 /* Assets.xcassets in Resources */ = {isa = PBXBuildFile; fileRef = AA593D2E291187360009BE36 /* Assets.xcassets */; };
		AA593D32291187360009BE36 /* LaunchScreen.storyboard in Resources */ = {isa = PBXBuildFile; fileRef = AA593D30291187360009BE36 /* LaunchScreen.storyboard */; };
		AA593D3C291189A20009BE36 /* Vista1ViewController.swift in Sources */ = {isa = PBXBuildFile; fileRef = AA593D3A291189A20009BE36 /* Vista1ViewController.swift */; };
		AA593D3D291189A20009BE36 /* Vista1ViewController.xib in Resources */ = {isa = PBXBuildFile; fileRef = AA593D3B291189A20009BE36 /* Vista1ViewController.xib */; };
		AA593D402911ACDD0009BE36 /* Vista2ViewController.swift in Sources */ = {isa = PBXBuildFile; fileRef = AA593D3E2911ACDD0009BE36 /* Vista2ViewController.swift */; };
		AA593D412911ACDD0009BE36 /* Vista2ViewController.xib in Resources */ = {isa = PBXBuildFile; fileRef = AA593D3F2911ACDD0009BE36 /* Vista2ViewController.xib */; };
/* End PBXBuildFile section */

/* Begin PBXFileReference section */
		AA593D22291187340009BE36 /* ChildsViews.app */ = {isa = PBXFileReference; explicitFileType = wrapper.application; includeInIndex = 0; path = ChildsViews.app; sourceTree = BUILT_PRODUCTS_DIR; };
		AA593D25291187340009BE36 /* AppDelegate.swift */ = {isa = PBXFileReference; lastKnownFileType = sourcecode.swift; path = AppDelegate.swift; sourceTree = "<group>"; };
		AA593D27291187340009BE36 /* SceneDelegate.swift */ = {isa = PBXFileReference; lastKnownFileType = sourcecode.swift; path = SceneDelegate.swift; sourceTree = "<group>"; };
		AA593D29291187340009BE36 /* ViewController.swift */ = {isa = PBXFileReference; lastKnownFileType = sourcecode.swift; path = ViewController.swift; sourceTree = "<group>"; };
		AA593D2C291187340009BE36 /* Base */ = {isa = PBXFileReference; lastKnownFileType = file.storyboard; name = Base; path = Base.lproj/Main.storyboard; sourceTree = "<group>"; };
		AA593D2E291187360009BE36 /* Assets.xcassets */ = {isa = PBXFileReference; lastKnownFileType = folder.assetcatalog; path = Assets.xcassets; sourceTree = "<group>"; };
		AA593D31291187360009BE36 /* Base */ = {isa = PBXFileReference; lastKnownFileType = file.storyboard; name = Base; path = Base.lproj/LaunchScreen.storyboard; sourceTree = "<group>"; };
		AA593D33291187360009BE36 /* Info.plist */ = {isa = PBXFileReference; lastKnownFileType = text.plist.xml; path = Info.plist; sourceTree = "<group>"; };
		AA593D3A291189A20009BE36 /* Vista1ViewController.swift */ = {isa = PBXFileReference; lastKnownFileType = sourcecode.swift; path = Vista1ViewController.swift; sourceTree = "<group>"; };
		AA593D3B291189A20009BE36 /* Vista1ViewController.xib */ = {isa = PBXFileReference; lastKnownFileType = file.xib; path = Vista1ViewController.xib; sourceTree = "<group>"; };
		AA593D3E2911ACDD0009BE36 /* Vista2ViewController.swift */ = {isa = PBXFileReference; lastKnownFileType = sourcecode.swift; path = Vista2ViewController.swift; sourceTree = "<group>"; };
		AA593D3F2911ACDD0009BE36 /* Vista2ViewController.xib */ = {isa = PBXFileReference; lastKnownFileType = file.xib; path = Vista2ViewController.xib; sourceTree = "<group>"; };
/* End PBXFileReference section */

/* Begin PBXFrameworksBuildPhase section */
		AA593D1F291187340009BE36 /* Frameworks */ = {
			isa = PBXFrameworksBuildPhase;
			buildActionMask = 2147483647;
			files = (
			);
			runOnlyForDeploymentPostprocessing = 0;
		};
/* End PBXFrameworksBuildPhase section */

/* Begin PBXGroup section */
		AA593D19291187340009BE36 = {
			isa = PBXGroup;
			children = (
				AA593D24291187340009BE36 /* ChildsViews */,
				AA593D23291187340009BE36 /* Products */,
			);
			sourceTree = "<group>";
		};
		AA593D23291187340009BE36 /* Products */ = {
			isa = PBXGroup;
			children = (
				AA593D22291187340009BE36 /* ChildsViews.app */,
			);
			name = Products;
			sourceTree = "<group>";
		};
		AA593D24291187340009BE36 /* ChildsViews */ = {
			isa = PBXGroup;
			children = (
				AA593D392911897B0009BE36 /* Hijos */,
				AA593D25291187340009BE36 /* AppDelegate.swift */,
				AA593D27291187340009BE36 /* SceneDelegate.swift */,
				AA593D29291187340009BE36 /* ViewController.swift */,
				AA593D2B291187340009BE36 /* Main.storyboard */,
				AA593D2E291187360009BE36 /* Assets.xcassets */,
				AA593D30291187360009BE36 /* LaunchScreen.storyboard */,
				AA593D33291187360009BE36 /* Info.plist */,
			);
			path = ChildsViews;
			sourceTree = "<group>";
		};
		AA593D392911897B0009BE36 /* Hijos */ = {
			isa = PBXGroup;
			children = (
				AA593D3A291189A20009BE36 /* Vista1ViewController.swift */,
				AA593D3B291189A20009BE36 /* Vista1ViewController.xib */,
				AA593D3E2911ACDD0009BE36 /* Vista2ViewController.swift */,
				AA593D3F2911ACDD0009BE36 /* Vista2ViewController.xib */,
			);
			path = Hijos;
			sourceTree = "<group>";
		};
/* End PBXGroup section */

/* Begin PBXNativeTarget section */
		AA593D21291187340009BE36 /* ChildsViews */ = {
			isa = PBXNativeTarget;
			buildConfigurationList = AA593D36291187360009BE36 /* Build configuration list for PBXNativeTarget "ChildsViews" */;
			buildPhases = (
				AA593D1E291187340009BE36 /* Sources */,
				AA593D1F291187340009BE36 /* Frameworks */,
				AA593D20291187340009BE36 /* Resources */,
			);
			buildRules = (
			);
			dependencies = (
			);
			name = ChildsViews;
			productName = ChildsViews;
			productReference = AA593D22291187340009BE36 /* ChildsViews.app */;
			productType = "com.apple.product-type.application";
		};
/* End PBXNativeTarget section */

/* Begin PBXProject section */
		AA593D1A291187340009BE36 /* Project object */ = {
			isa = PBXProject;
			attributes = {
				BuildIndependentTargetsInParallel = 1;
				LastSwiftUpdateCheck = 1400;
				LastUpgradeCheck = 1400;
				TargetAttributes = {
					AA593D21291187340009BE36 = {
						CreatedOnToolsVersion = 14.0.1;
					};
				};
			};
			buildConfigurationList = AA593D1D291187340009BE36 /* Build configuration list for PBXProject "ChildsViews" */;
			compatibilityVersion = "Xcode 14.0";
			developmentRegion = en;
			hasScannedForEncodings = 0;
			knownRegions = (
				en,
				Base,
			);
			mainGroup = AA593D19291187340009BE36;
			productRefGroup = AA593D23291187340009BE36 /* Products */;
			projectDirPath = "";
			projectRoot = "";
			targets = (
				AA593D21291187340009BE36 /* ChildsViews */,
			);
		};
/* End PBXProject section */

/* Begin PBXResourcesBuildPhase section */
		AA593D20291187340009BE36 /* Resources */ = {
			isa = PBXResourcesBuildPhase;
			buildActionMask = 2147483647;
			files = (
				AA593D412911ACDD0009BE36 /* Vista2ViewController.xib in Resources */,
				AA593D3D291189A20009BE36 /* Vista1ViewController.xib in Resources */,
				AA593D32291187360009BE36 /* LaunchScreen.storyboard in Resources */,
				AA593D2F291187360009BE36 /* Assets.xcassets in Resources */,
				AA593D2D291187340009BE36 /* Main.storyboard in Resources */,
			);
			runOnlyForDeploymentPostprocessing = 0;
		};
/* End PBXResourcesBuildPhase section */

/* Begin PBXSourcesBuildPhase section */
		AA593D1E291187340009BE36 /* Sources */ = {
			isa = PBXSourcesBuildPhase;
			buildActionMask = 2147483647;
			files = (
				AA593D402911ACDD0009BE36 /* Vista2ViewController.swift in Sources */,
				AA593D3C291189A20009BE36 /* Vista1ViewController.swift in Sources */,
				AA593D2A291187340009BE36 /* ViewController.swift in Sources */,
				AA593D26291187340009BE36 /* AppDelegate.swift in Sources */,
				AA593D28291187340009BE36 /* SceneDelegate.swift in Sources */,
			);
			runOnlyForDeploymentPostprocessing = 0;
		};
/* End PBXSourcesBuildPhase section */

/* Begin PBXVariantGroup section */
		AA593D2B291187340009BE36 /* Main.storyboard */ = {
			isa = PBXVariantGroup;
			children = (
				AA593D2C291187340009BE36 /* Base */,
			);
			name = Main.storyboard;
			sourceTree = "<group>";
		};
		AA593D30291187360009BE36 /* LaunchScreen.storyboard */ = {
			isa = PBXVariantGroup;
			children = (
				AA593D31291187360009BE36 /* Base */,
			);
			name = LaunchScreen.storyboard;
			sourceTree = "<group>";
		};
/* End PBXVariantGroup section */

/* Begin XCBuildConfiguration section */
		AA593D34291187360009BE36 /* Debug */ = {
			isa = XCBuildConfiguration;
			buildSettings = {
				ALWAYS_SEARCH_USER_PATHS = NO;
				CLANG_ANALYZER_NONNULL = YES;
				CLANG_ANALYZER_NUMBER_OBJECT_CONVERSION = YES_AGGRESSIVE;
				CLANG_CXX_LANGUAGE_STANDARD = "gnu++20";
				CLANG_ENABLE_MODULES = YES;
				CLANG_ENABLE_OBJC_ARC = YES;
				CLANG_ENABLE_OBJC_WEAK = YES;
				CLANG_WARN_BLOCK_CAPTURE_AUTORELEASING = YES;
				CLANG_WARN_BOOL_CONVERSION = YES;
				CLANG_WARN_COMMA = YES;
				CLANG_WARN_CONSTANT_CONVERSION = YES;
				CLANG_WARN_DEPRECATED_OBJC_IMPLEMENTATIONS = YES;
				CLANG_WARN_DIRECT_OBJC_ISA_USAGE = YES_ERROR;
				CLANG_WARN_DOCUMENTATION_COMMENTS = YES;
				CLANG_WARN_EMPTY_BODY = YES;
				CLANG_WARN_ENUM_CONVERSION = YES;
				CLANG_WARN_INFINITE_RECURSION = YES;
				CLANG_WARN_INT_CONVERSION = YES;
				CLANG_WARN_NON_LITERAL_NULL_CONVERSION = YES;
				CLANG_WARN_OBJC_IMPLICIT_RETAIN_SELF = YES;
				CLANG_WARN_OBJC_LITERAL_CONVERSION = YES;
				CLANG_WARN_OBJC_ROOT_CLASS = YES_ERROR;
				CLANG_WARN_QUOTED_INCLUDE_IN_FRAMEWORK_HEADER = YES;
				CLANG_WARN_RANGE_LOOP_ANALYSIS = YES;
				CLANG_WARN_STRICT_PROTOTYPES = YES;
				CLANG_WARN_SUSPICIOUS_MOVE = YES;
				CLANG_WARN_UNGUARDED_AVAILABILITY = YES_AGGRESSIVE;
				CLANG_WARN_UNREACHABLE_CODE = YES;
				CLANG_WARN__DUPLICATE_METHOD_MATCH = YES;
				COPY_PHASE_STRIP = NO;
				DEBUG_INFORMATION_FORMAT = dwarf;
				ENABLE_STRICT_OBJC_MSGSEND = YES;
				ENABLE_TESTABILITY = YES;
				GCC_C_LANGUAGE_STANDARD = gnu11;
				GCC_DYNAMIC_NO_PIC = NO;
				GCC_NO_COMMON_BLOCKS = YES;
				GCC_OPTIMIZATION_LEVEL = 0;
				GCC_PREPROCESSOR_DEFINITIONS = (
					"DEBUG=1",
					"$(inherited)",
				);
				GCC_WARN_64_TO_32_BIT_CONVERSION = YES;
				GCC_WARN_ABOUT_RETURN_TYPE = YES_ERROR;
				GCC_WARN_UNDECLARED_SELECTOR = YES;
				GCC_WARN_UNINITIALIZED_AUTOS = YES_AGGRESSIVE;
				GCC_WARN_UNUSED_FUNCTION = YES;
				GCC_WARN_UNUSED_VARIABLE = YES;
				IPHONEOS_DEPLOYMENT_TARGET = 16.0;
				MTL_ENABLE_DEBUG_INFO = INCLUDE_SOURCE;
				MTL_FAST_MATH = YES;
				ONLY_ACTIVE_ARCH = YES;
				SDKROOT = iphoneos;
				SWIFT_ACTIVE_COMPILATION_CONDITIONS = DEBUG;
				SWIFT_OPTIMIZATION_LEVEL = "-Onone";
			};
			name = Debug;
		};
		AA593D35291187360009BE36 /* Release */ = {
			isa = XCBuildConfiguration;
			buildSettings = {
				ALWAYS_SEARCH_USER_PATHS = NO;
				CLANG_ANALYZER_NONNULL = YES;
				CLANG_ANALYZER_NUMBER_OBJECT_CONVERSION = YES_AGGRESSIVE;
				CLANG_CXX_LANGUAGE_STANDARD = "gnu++20";
				CLANG_ENABLE_MODULES = YES;
				CLANG_ENABLE_OBJC_ARC = YES;
				CLANG_ENABLE_OBJC_WEAK = YES;
				CLANG_WARN_BLOCK_CAPTURE_AUTORELEASING = YES;
				CLANG_WARN_BOOL_CONVERSION = YES;
				CLANG_WARN_COMMA = YES;
				CLANG_WARN_CONSTANT_CONVERSION = YES;
				CLANG_WARN_DEPRECATED_OBJC_IMPLEMENTATIONS = YES;
				CLANG_WARN_DIRECT_OBJC_ISA_USAGE = YES_ERROR;
				CLANG_WARN_DOCUMENTATION_COMMENTS = YES;
				CLANG_WARN_EMPTY_BODY = YES;
				CLANG_WARN_ENUM_CONVERSION = YES;
				CLANG_WARN_INFINITE_RECURSION = YES;
				CLANG_WARN_INT_CONVERSION = YES;
				CLANG_WARN_NON_LITERAL_NULL_CONVERSION = YES;
				CLANG_WARN_OBJC_IMPLICIT_RETAIN_SELF = YES;
				CLANG_WARN_OBJC_LITERAL_CONVERSION = YES;
				CLANG_WARN_OBJC_ROOT_CLASS = YES_ERROR;
				CLANG_WARN_QUOTED_INCLUDE_IN_FRAMEWORK_HEADER = YES;
				CLANG_WARN_RANGE_LOOP_ANALYSIS = YES;
				CLANG_WARN_STRICT_PROTOTYPES = YES;
				CLANG_WARN_SUSPICIOUS_MOVE = YES;
				CLANG_WARN_UNGUARDED_AVAILABILITY = YES_AGGRESSIVE;
				CLANG_WARN_UNREACHABLE_CODE = YES;
				CLANG_WARN__DUPLICATE_METHOD_MATCH = YES;
				COPY_PHASE_STRIP = NO;
				DEBUG_INFORMATION_FORMAT = "dwarf-with-dsym";
				ENABLE_NS_ASSERTIONS = NO;
				ENABLE_STRICT_OBJC_MSGSEND = YES;
				GCC_C_LANGUAGE_STANDARD = gnu11;
				GCC_NO_COMMON_BLOCKS = YES;
				GCC_WARN_64_TO_32_BIT_CONVERSION = YES;
				GCC_WARN_ABOUT_RETURN_TYPE = YES_ERROR;
				GCC_WARN_UNDECLARED_SELECTOR = YES;
				GCC_WARN_UNINITIALIZED_AUTOS = YES_AGGRESSIVE;
				GCC_WARN_UNUSED_FUNCTION = YES;
				GCC_WARN_UNUSED_VARIABLE = YES;
				IPHONEOS_DEPLOYMENT_TARGET = 16.0;
				MTL_ENABLE_DEBUG_INFO = NO;
				MTL_FAST_MATH = YES;
				SDKROOT = iphoneos;
				SWIFT_COMPILATION_MODE = wholemodule;
				SWIFT_OPTIMIZATION_LEVEL = "-O";
				VALIDATE_PRODUCT = YES;
			};
			name = Release;
		};
		AA593D37291187360009BE36 /* Debug */ = {
			isa = XCBuildConfiguration;
			buildSettings = {
				ASSETCATALOG_COMPILER_APPICON_NAME = AppIcon;
				ASSETCATALOG_COMPILER_GLOBAL_ACCENT_COLOR_NAME = AccentColor;
				CODE_SIGN_STYLE = Automatic;
				CURRENT_PROJECT_VERSION = 1;
				DEVELOPMENT_TEAM = 9TPTHP2V2G;
				GENERATE_INFOPLIST_FILE = YES;
				INFOPLIST_FILE = ChildsViews/Info.plist;
				INFOPLIST_KEY_UIApplicationSupportsIndirectInputEvents = YES;
				INFOPLIST_KEY_UILaunchStoryboardName = LaunchScreen;
				INFOPLIST_KEY_UIMainStoryboardFile = Main;
				INFOPLIST_KEY_UISupportedInterfaceOrientations_iPad = "UIInterfaceOrientationPortrait UIInterfaceOrientationPortraitUpsideDown UIInterfaceOrientationLandscapeLeft UIInterfaceOrientationLandscapeRight";
				INFOPLIST_KEY_UISupportedInterfaceOrientations_iPhone = "UIInterfaceOrientationPortrait UIInterfaceOrientationLandscapeLeft UIInterfaceOrientationLandscapeRight";
				LD_RUNPATH_SEARCH_PATHS = (
					"$(inherited)",
					"@executable_path/Frameworks",
				);
				MARKETING_VERSION = 1.0;
				PRODUCT_BUNDLE_IDENTIFIER = com.bugsoft.ChildsViews;
				PRODUCT_NAME = "$(TARGET_NAME)";
				SWIFT_EMIT_LOC_STRINGS = YES;
				SWIFT_VERSION = 5.0;
				TARGETED_DEVICE_FAMILY = "1,2";
			};
			name = Debug;
		};
		AA593D38291187360009BE36 /* Release */ = {
			isa = XCBuildConfiguration;
			buildSettings = {
				ASSETCATALOG_COMPILER_APPICON_NAME = AppIcon;
				ASSETCATALOG_COMPILER_GLOBAL_ACCENT_COLOR_NAME = AccentColor;
				CODE_SIGN_STYLE = Automatic;
				CURRENT_PROJECT_VERSION = 1;
				DEVELOPMENT_TEAM = 9TPTHP2V2G;
				GENERATE_INFOPLIST_FILE = YES;
				INFOPLIST_FILE = ChildsViews/Info.plist;
				INFOPLIST_KEY_UIApplicationSupportsIndirectInputEvents = YES;
				INFOPLIST_KEY_UILaunchStoryboardName = LaunchScreen;
				INFOPLIST_KEY_UIMainStoryboardFile = Main;
				INFOPLIST_KEY_UISupportedInterfaceOrientations_iPad = "UIInterfaceOrientationPortrait UIInterfaceOrientationPortraitUpsideDown UIInterfaceOrientationLandscapeLeft UIInterfaceOrientationLandscapeRight";
				INFOPLIST_KEY_UISupportedInterfaceOrientations_iPhone = "UIInterfaceOrientationPortrait UIInterfaceOrientationLandscapeLeft UIInterfaceOrientationLandscapeRight";
				LD_RUNPATH_SEARCH_PATHS = (
					"$(inherited)",
					"@executable_path/Frameworks",
				);
				MARKETING_VERSION = 1.0;
				PRODUCT_BUNDLE_IDENTIFIER = com.bugsoft.ChildsViews;
				PRODUCT_NAME = "$(TARGET_NAME)";
				SWIFT_EMIT_LOC_STRINGS = YES;
				SWIFT_VERSION = 5.0;
				TARGETED_DEVICE_FAMILY = "1,2";
			};
			name = Release;
		};
/* End XCBuildConfiguration section */

/* Begin XCConfigurationList section */
		AA593D1D291187340009BE36 /* Build configuration list for PBXProject "ChildsViews" */ = {
			isa = XCConfigurationList;
			buildConfigurations = (
				AA593D34291187360009BE36 /* Debug */,
				AA593D35291187360009BE36 /* Release */,
			);
			defaultConfigurationIsVisible = 0;
			defaultConfigurationName = Release;
		};
		AA593D36291187360009BE36 /* Build configuration list for PBXNativeTarget "ChildsViews" */ = {
			isa = XCConfigurationList;
			buildConfigurations = (
				AA593D37291187360009BE36 /* Debug */,
				AA593D38291187360009BE36 /* Release */,
			);
			defaultConfigurationIsVisible = 0;
			defaultConfigurationName = Release;
		};
/* End XCConfigurationList section */
	};
	rootObject = AA593D1A291187340009BE36 /* Project object */;
}
